// !$*UTF8*$!
{
	archiveVersion = 1;
	classes = {
	};
	objectVersion = 46;
	objects = {

/* Begin PBXBuildFile section */
		1C42E6A31CC9C7DF00A29FB7 /* main.m in Sources */ = {isa = PBXBuildFile; fileRef = 1C42E6A21CC9C7DF00A29FB7 /* main.m */; };
		1C42E6A61CC9C7DF00A29FB7 /* AppDelegate.m in Sources */ = {isa = PBXBuildFile; fileRef = 1C42E6A51CC9C7DF00A29FB7 /* AppDelegate.m */; };
		1C42E6A91CC9C7DF00A29FB7 /* ViewController.m in Sources */ = {isa = PBXBuildFile; fileRef = 1C42E6A81CC9C7DF00A29FB7 /* ViewController.m */; };
		1C42E6AC1CC9C7DF00A29FB7 /* Main.storyboard in Resources */ = {isa = PBXBuildFile; fileRef = 1C42E6AA1CC9C7DF00A29FB7 /* Main.storyboard */; };
		1C42E6AE1CC9C7DF00A29FB7 /* Assets.xcassets in Resources */ = {isa = PBXBuildFile; fileRef = 1C42E6AD1CC9C7DF00A29FB7 /* Assets.xcassets */; };
		1C42E6B11CC9C7DF00A29FB7 /* LaunchScreen.storyboard in Resources */ = {isa = PBXBuildFile; fileRef = 1C42E6AF1CC9C7DF00A29FB7 /* LaunchScreen.storyboard */; };
		1C42E6BC1CC9C7DF00A29FB7 /* ___2Tests.m in Sources */ = {isa = PBXBuildFile; fileRef = 1C42E6BB1CC9C7DF00A29FB7 /* ___2Tests.m */; };
		1C42E6C71CC9C7E000A29FB7 /* ___2UITests.m in Sources */ = {isa = PBXBuildFile; fileRef = 1C42E6C61CC9C7E000A29FB7 /* ___2UITests.m */; };
/* End PBXBuildFile section */

/* Begin PBXContainerItemProxy section */
		1C42E6B81CC9C7DF00A29FB7 /* PBXContainerItemProxy */ = {
			isa = PBXContainerItemProxy;
			containerPortal = 1C42E6961CC9C7DF00A29FB7 /* Project object */;
			proxyType = 1;
			remoteGlobalIDString = 1C42E69D1CC9C7DF00A29FB7;
			remoteInfo = "倒计时2";
		};
		1C42E6C31CC9C7E000A29FB7 /* PBXContainerItemProxy */ = {
			isa = PBXContainerItemProxy;
			containerPortal = 1C42E6961CC9C7DF00A29FB7 /* Project object */;
			proxyType = 1;
			remoteGlobalIDString = 1C42E69D1CC9C7DF00A29FB7;
			remoteInfo = "倒计时2";
		};
/* End PBXContainerItemProxy section */

/* Begin PBXFileReference section */
		1C42E69E1CC9C7DF00A29FB7 /* 倒计时2.app */ = {isa = PBXFileReference; explicitFileType = wrapper.application; includeInIndex = 0; path = "倒计时2.app"; sourceTree = BUILT_PRODUCTS_DIR; };
		1C42E6A21CC9C7DF00A29FB7 /* main.m */ = {isa = PBXFileReference; lastKnownFileType = sourcecode.c.objc; path = main.m; sourceTree = "<group>"; };
		1C42E6A41CC9C7DF00A29FB7 /* AppDelegate.h */ = {isa = PBXFileReference; lastKnownFileType = sourcecode.c.h; path = AppDelegate.h; sourceTree = "<group>"; };
		1C42E6A51CC9C7DF00A29FB7 /* AppDelegate.m */ = {isa = PBXFileReference; lastKnownFileType = sourcecode.c.objc; path = AppDelegate.m; sourceTree = "<group>"; };
		1C42E6A71CC9C7DF00A29FB7 /* ViewController.h */ = {isa = PBXFileReference; lastKnownFileType = sourcecode.c.h; path = ViewController.h; sourceTree = "<group>"; };
		1C42E6A81CC9C7DF00A29FB7 /* ViewController.m */ = {isa = PBXFileReference; lastKnownFileType = sourcecode.c.objc; path = ViewController.m; sourceTree = "<group>"; };
		1C42E6AB1CC9C7DF00A29FB7 /* Base */ = {isa = PBXFileReference; lastKnownFileType = file.storyboard; name = Base; path = Base.lproj/Main.storyboard; sourceTree = "<group>"; };
		1C42E6AD1CC9C7DF00A29FB7 /* Assets.xcassets */ = {isa = PBXFileReference; lastKnownFileType = folder.assetcatalog; path = Assets.xcassets; sourceTree = "<group>"; };
		1C42E6B01CC9C7DF00A29FB7 /* Base */ = {isa = PBXFileReference; lastKnownFileType = file.storyboard; name = Base; path = Base.lproj/LaunchScreen.storyboard; sourceTree = "<group>"; };
		1C42E6B21CC9C7DF00A29FB7 /* Info.plist */ = {isa = PBXFileReference; lastKnownFileType = text.plist.xml; path = Info.plist; sourceTree = "<group>"; };
		1C42E6B71CC9C7DF00A29FB7 /* 倒计时2Tests.xctest */ = {isa = PBXFileReference; explicitFileType = wrapper.cfbundle; includeInIndex = 0; path = "倒计时2Tests.xctest"; sourceTree = BUILT_PRODUCTS_DIR; };
		1C42E6BB1CC9C7DF00A29FB7 /* ___2Tests.m */ = {isa = PBXFileReference; lastKnownFileType = sourcecode.c.objc; path = "___2Tests.m"; sourceTree = "<group>"; };
		1C42E6BD1CC9C7E000A29FB7 /* Info.plist */ = {isa = PBXFileReference; lastKnownFileType = text.plist.xml; path = Info.plist; sourceTree = "<group>"; };
		1C42E6C21CC9C7E000A29FB7 /* 倒计时2UITests.xctest */ = {isa = PBXFileReference; explicitFileType = wrapper.cfbundle; includeInIndex = 0; path = "倒计时2UITests.xctest"; sourceTree = BUILT_PRODUCTS_DIR; };
		1C42E6C61CC9C7E000A29FB7 /* ___2UITests.m */ = {isa = PBXFileReference; lastKnownFileType = sourcecode.c.objc; path = "___2UITests.m"; sourceTree = "<group>"; };
		1C42E6C81CC9C7E000A29FB7 /* Info.plist */ = {isa = PBXFileReference; lastKnownFileType = text.plist.xml; path = Info.plist; sourceTree = "<group>"; };
/* End PBXFileReference section */

/* Begin PBXFrameworksBuildPhase section */
		1C42E69B1CC9C7DF00A29FB7 /* Frameworks */ = {
			isa = PBXFrameworksBuildPhase;
			buildActionMask = 2147483647;
			files = (
			);
			runOnlyForDeploymentPostprocessing = 0;
		};
		1C42E6B41CC9C7DF00A29FB7 /* Frameworks */ = {
			isa = PBXFrameworksBuildPhase;
			buildActionMask = 2147483647;
			files = (
			);
			runOnlyForDeploymentPostprocessing = 0;
		};
		1C42E6BF1CC9C7E000A29FB7 /* Frameworks */ = {
			isa = PBXFrameworksBuildPhase;
			buildActionMask = 2147483647;
			files = (
			);
			runOnlyForDeploymentPostprocessing = 0;
		};
/* End PBXFrameworksBuildPhase section */

/* Begin PBXGroup section */
		1C42E6951CC9C7DF00A29FB7 = {
			isa = PBXGroup;
			children = (
				1C42E6A01CC9C7DF00A29FB7 /* 倒计时2 */,
				1C42E6BA1CC9C7DF00A29FB7 /* 倒计时2Tests */,
				1C42E6C51CC9C7E000A29FB7 /* 倒计时2UITests */,
				1C42E69F1CC9C7DF00A29FB7 /* Products */,
			);
			sourceTree = "<group>";
		};
		1C42E69F1CC9C7DF00A29FB7 /* Products */ = {
			isa = PBXGroup;
			children = (
				1C42E69E1CC9C7DF00A29FB7 /* 倒计时2.app */,
				1C42E6B71CC9C7DF00A29FB7 /* 倒计时2Tests.xctest */,
				1C42E6C21CC9C7E000A29FB7 /* 倒计时2UITests.xctest */,
			);
			name = Products;
			sourceTree = "<group>";
		};
		1C42E6A01CC9C7DF00A29FB7 /* 倒计时2 */ = {
			isa = PBXGroup;
			children = (
				1C42E6A41CC9C7DF00A29FB7 /* AppDelegate.h */,
				1C42E6A51CC9C7DF00A29FB7 /* AppDelegate.m */,
				1C42E6A71CC9C7DF00A29FB7 /* ViewController.h */,
				1C42E6A81CC9C7DF00A29FB7 /* ViewController.m */,
				1C42E6AA1CC9C7DF00A29FB7 /* Main.storyboard */,
				1C42E6AD1CC9C7DF00A29FB7 /* Assets.xcassets */,
				1C42E6AF1CC9C7DF00A29FB7 /* LaunchScreen.storyboard */,
				1C42E6B21CC9C7DF00A29FB7 /* Info.plist */,
				1C42E6A11CC9C7DF00A29FB7 /* Supporting Files */,
			);
			path = "倒计时2";
			sourceTree = "<group>";
		};
		1C42E6A11CC9C7DF00A29FB7 /* Supporting Files */ = {
			isa = PBXGroup;
			children = (
				1C42E6A21CC9C7DF00A29FB7 /* main.m */,
			);
			name = "Supporting Files";
			sourceTree = "<group>";
		};
		1C42E6BA1CC9C7DF00A29FB7 /* 倒计时2Tests */ = {
			isa = PBXGroup;
			children = (
				1C42E6BB1CC9C7DF00A29FB7 /* ___2Tests.m */,
				1C42E6BD1CC9C7E000A29FB7 /* Info.plist */,
			);
			path = "倒计时2Tests";
			sourceTree = "<group>";
		};
		1C42E6C51CC9C7E000A29FB7 /* 倒计时2UITests */ = {
			isa = PBXGroup;
			children = (
				1C42E6C61CC9C7E000A29FB7 /* ___2UITests.m */,
				1C42E6C81CC9C7E000A29FB7 /* Info.plist */,
			);
			path = "倒计时2UITests";
			sourceTree = "<group>";
		};
/* End PBXGroup section */

/* Begin PBXNativeTarget section */
		1C42E69D1CC9C7DF00A29FB7 /* 倒计时2 */ = {
			isa = PBXNativeTarget;
			buildConfigurationList = 1C42E6CB1CC9C7E000A29FB7 /* Build configuration list for PBXNativeTarget "倒计时2" */;
			buildPhases = (
				1C42E69A1CC9C7DF00A29FB7 /* Sources */,
				1C42E69B1CC9C7DF00A29FB7 /* Frameworks */,
				1C42E69C1CC9C7DF00A29FB7 /* Resources */,
			);
			buildRules = (
			);
			dependencies = (
			);
			name = "倒计时2";
			productName = "倒计时2";
			productReference = 1C42E69E1CC9C7DF00A29FB7 /* 倒计时2.app */;
			productType = "com.apple.product-type.application";
		};
		1C42E6B61CC9C7DF00A29FB7 /* 倒计时2Tests */ = {
			isa = PBXNativeTarget;
			buildConfigurationList = 1C42E6CE1CC9C7E000A29FB7 /* Build configuration list for PBXNativeTarget "倒计时2Tests" */;
			buildPhases = (
				1C42E6B31CC9C7DF00A29FB7 /* Sources */,
				1C42E6B41CC9C7DF00A29FB7 /* Frameworks */,
				1C42E6B51CC9C7DF00A29FB7 /* Resources */,
			);
			buildRules = (
			);
			dependencies = (
				1C42E6B91CC9C7DF00A29FB7 /* PBXTargetDependency */,
			);
			name = "倒计时2Tests";
			productName = "倒计时2Tests";
			productReference = 1C42E6B71CC9C7DF00A29FB7 /* 倒计时2Tests.xctest */;
			productType = "com.apple.product-type.bundle.unit-test";
		};
		1C42E6C11CC9C7E000A29FB7 /* 倒计时2UITests */ = {
			isa = PBXNativeTarget;
			buildConfigurationList = 1C42E6D11CC9C7E000A29FB7 /* Build configuration list for PBXNativeTarget "倒计时2UITests" */;
			buildPhases = (
				1C42E6BE1CC9C7E000A29FB7 /* Sources */,
				1C42E6BF1CC9C7E000A29FB7 /* Frameworks */,
				1C42E6C01CC9C7E000A29FB7 /* Resources */,
			);
			buildRules = (
			);
			dependencies = (
				1C42E6C41CC9C7E000A29FB7 /* PBXTargetDependency */,
			);
			name = "倒计时2UITests";
			productName = "倒计时2UITests";
			productReference = 1C42E6C21CC9C7E000A29FB7 /* 倒计时2UITests.xctest */;
			productType = "com.apple.product-type.bundle.ui-testing";
		};
/* End PBXNativeTarget section */

/* Begin PBXProject section */
		1C42E6961CC9C7DF00A29FB7 /* Project object */ = {
			isa = PBXProject;
			attributes = {
				LastUpgradeCheck = 0730;
				ORGANIZATIONNAME = "李志鹏";
				TargetAttributes = {
					1C42E69D1CC9C7DF00A29FB7 = {
						CreatedOnToolsVersion = 7.3;
						DevelopmentTeam = PCLB4Q4Z3U;
					};
					1C42E6B61CC9C7DF00A29FB7 = {
						CreatedOnToolsVersion = 7.3;
						DevelopmentTeam = PCLB4Q4Z3U;
						TestTargetID = 1C42E69D1CC9C7DF00A29FB7;
					};
					1C42E6C11CC9C7E000A29FB7 = {
						CreatedOnToolsVersion = 7.3;
						DevelopmentTeam = PCLB4Q4Z3U;
						TestTargetID = 1C42E69D1CC9C7DF00A29FB7;
					};
				};
			};
			buildConfigurationList = 1C42E6991CC9C7DF00A29FB7 /* Build configuration list for PBXProject "倒计时2" */;
			compatibilityVersion = "Xcode 3.2";
			developmentRegion = English;
			hasScannedForEncodings = 0;
			knownRegions = (
				en,
				Base,
			);
			mainGroup = 1C42E6951CC9C7DF00A29FB7;
			productRefGroup = 1C42E69F1CC9C7DF00A29FB7 /* Products */;
			projectDirPath = "";
			projectRoot = "";
			targets = (
				1C42E69D1CC9C7DF00A29FB7 /* 倒计时2 */,
				1C42E6B61CC9C7DF00A29FB7 /* 倒计时2Tests */,
				1C42E6C11CC9C7E000A29FB7 /* 倒计时2UITests */,
			);
		};
/* End PBXProject section */

/* Begin PBXResourcesBuildPhase section */
		1C42E69C1CC9C7DF00A29FB7 /* Resources */ = {
			isa = PBXResourcesBuildPhase;
			buildActionMask = 2147483647;
			files = (
				1C42E6B11CC9C7DF00A29FB7 /* LaunchScreen.storyboard in Resources */,
				1C42E6AE1CC9C7DF00A29FB7 /* Assets.xcassets in Resources */,
				1C42E6AC1CC9C7DF00A29FB7 /* Main.storyboard in Resources */,
			);
			runOnlyForDeploymentPostprocessing = 0;
		};
		1C42E6B51CC9C7DF00A29FB7 /* Resources */ = {
			isa = PBXResourcesBuildPhase;
			buildActionMask = 2147483647;
			files = (
			);
			runOnlyForDeploymentPostprocessing = 0;
		};
		1C42E6C01CC9C7E000A29FB7 /* Resources */ = {
			isa = PBXResourcesBuildPhase;
			buildActionMask = 2147483647;
			files = (
			);
			runOnlyForDeploymentPostprocessing = 0;
		};
/* End PBXResourcesBuildPhase section */

/* Begin PBXSourcesBuildPhase section */
		1C42E69A1CC9C7DF00A29FB7 /* Sources */ = {
			isa = PBXSourcesBuildPhase;
			buildActionMask = 2147483647;
			files = (
				1C42E6A91CC9C7DF00A29FB7 /* ViewController.m in Sources */,
				1C42E6A61CC9C7DF00A29FB7 /* AppDelegate.m in Sources */,
				1C42E6A31CC9C7DF00A29FB7 /* main.m in Sources */,
			);
			runOnlyForDeploymentPostprocessing = 0;
		};
		1C42E6B31CC9C7DF00A29FB7 /* Sources */ = {
			isa = PBXSourcesBuildPhase;
			buildActionMask = 2147483647;
			files = (
				1C42E6BC1CC9C7DF00A29FB7 /* ___2Tests.m in Sources */,
			);
			runOnlyForDeploymentPostprocessing = 0;
		};
		1C42E6BE1CC9C7E000A29FB7 /* Sources */ = {
			isa = PBXSourcesBuildPhase;
			buildActionMask = 2147483647;
			files = (
				1C42E6C71CC9C7E000A29FB7 /* ___2UITests.m in Sources */,
			);
			runOnlyForDeploymentPostprocessing = 0;
		};
/* End PBXSourcesBuildPhase section */

/* Begin PBXTargetDependency section */
		1C42E6B91CC9C7DF00A29FB7 /* PBXTargetDependency */ = {
			isa = PBXTargetDependency;
			target = 1C42E69D1CC9C7DF00A29FB7 /* 倒计时2 */;
			targetProxy = 1C42E6B81CC9C7DF00A29FB7 /* PBXContainerItemProxy */;
		};
		1C42E6C41CC9C7E000A29FB7 /* PBXTargetDependency */ = {
			isa = PBXTargetDependency;
			target = 1C42E69D1CC9C7DF00A29FB7 /* 倒计时2 */;
			targetProxy = 1C42E6C31CC9C7E000A29FB7 /* PBXContainerItemProxy */;
		};
/* End PBXTargetDependency section */

/* Begin PBXVariantGroup section */
		1C42E6AA1CC9C7DF00A29FB7 /* Main.storyboard */ = {
			isa = PBXVariantGroup;
			children = (
				1C42E6AB1CC9C7DF00A29FB7 /* Base */,
			);
			name = Main.storyboard;
			sourceTree = "<group>";
		};
		1C42E6AF1CC9C7DF00A29FB7 /* LaunchScreen.storyboard */ = {
			isa = PBXVariantGroup;
			children = (
				1C42E6B01CC9C7DF00A29FB7 /* Base */,
			);
			name = LaunchScreen.storyboard;
			sourceTree = "<group>";
		};
/* End PBXVariantGroup section */

/* Begin XCBuildConfiguration section */
		1C42E6C91CC9C7E000A29FB7 /* Debug */ = {
			isa = XCBuildConfiguration;
			buildSettings = {
				ALWAYS_SEARCH_USER_PATHS = NO;
				CLANG_ANALYZER_NONNULL = YES;
				CLANG_CXX_LANGUAGE_STANDARD = "gnu++0x";
				CLANG_CXX_LIBRARY = "libc++";
				CLANG_ENABLE_MODULES = YES;
				CLANG_ENABLE_OBJC_ARC = YES;
				CLANG_WARN_BOOL_CONVERSION = YES;
				CLANG_WARN_CONSTANT_CONVERSION = YES;
				CLANG_WARN_DIRECT_OBJC_ISA_USAGE = YES_ERROR;
				CLANG_WARN_EMPTY_BODY = YES;
				CLANG_WARN_ENUM_CONVERSION = YES;
				CLANG_WARN_INT_CONVERSION = YES;
				CLANG_WARN_OBJC_ROOT_CLASS = YES_ERROR;
				CLANG_WARN_UNREACHABLE_CODE = YES;
				CLANG_WARN__DUPLICATE_METHOD_MATCH = YES;
				"CODE_SIGN_IDENTITY[sdk=iphoneos*]" = "iPhone Developer";
				COPY_PHASE_STRIP = NO;
				DEBUG_INFORMATION_FORMAT = dwarf;
				ENABLE_STRICT_OBJC_MSGSEND = YES;
				ENABLE_TESTABILITY = YES;
				GCC_C_LANGUAGE_STANDARD = gnu99;
				GCC_DYNAMIC_NO_PIC = NO;
				GCC_NO_COMMON_BLOCKS = YES;
				GCC_OPTIMIZATION_LEVEL = 0;
				GCC_PREPROCESSOR_DEFINITIONS = (
					"DEBUG=1",
					"$(inherited)",
				);
				GCC_WARN_64_TO_32_BIT_CONVERSION = YES;
				GCC_WARN_ABOUT_RETURN_TYPE = YES_ERROR;
				GCC_WARN_UNDECLARED_SELECTOR = YES;
				GCC_WARN_UNINITIALIZED_AUTOS = YES_AGGRESSIVE;
				GCC_WARN_UNUSED_FUNCTION = YES;
				GCC_WARN_UNUSED_VARIABLE = YES;
				IPHONEOS_DEPLOYMENT_TARGET = 9.3;
				MTL_ENABLE_DEBUG_INFO = YES;
				ONLY_ACTIVE_ARCH = YES;
				SDKROOT = iphoneos;
				TARGETED_DEVICE_FAMILY = "1,2";
			};
			name = Debug;
		};
		1C42E6CA1CC9C7E000A29FB7 /* Release */ = {
			isa = XCBuildConfiguration;
			buildSettings = {
				ALWAYS_SEARCH_USER_PATHS = NO;
				CLANG_ANALYZER_NONNULL = YES;
				CLANG_CXX_LANGUAGE_STANDARD = "gnu++0x";
				CLANG_CXX_LIBRARY = "libc++";
				CLANG_ENABLE_MODULES = YES;
				CLANG_ENABLE_OBJC_ARC = YES;
				CLANG_WARN_BOOL_CONVERSION = YES;
				CLANG_WARN_CONSTANT_CONVERSION = YES;
				CLANG_WARN_DIRECT_OBJC_ISA_USAGE = YES_ERROR;
				CLANG_WARN_EMPTY_BODY = YES;
				CLANG_WARN_ENUM_CONVERSION = YES;
				CLANG_WARN_INT_CONVERSION = YES;
				CLANG_WARN_OBJC_ROOT_CLASS = YES_ERROR;
				CLANG_WARN_UNREACHABLE_CODE = YES;
				CLANG_WARN__DUPLICATE_METHOD_MATCH = YES;
				"CODE_SIGN_IDENTITY[sdk=iphoneos*]" = "iPhone Developer";
				COPY_PHASE_STRIP = NO;
				DEBUG_INFORMATION_FORMAT = "dwarf-with-dsym";
				ENABLE_NS_ASSERTIONS = NO;
				ENABLE_STRICT_OBJC_MSGSEND = YES;
				GCC_C_LANGUAGE_STANDARD = gnu99;
				GCC_NO_COMMON_BLOCKS = YES;
				GCC_WARN_64_TO_32_BIT_CONVERSION = YES;
				GCC_WARN_ABOUT_RETURN_TYPE = YES_ERROR;
				GCC_WARN_UNDECLARED_SELECTOR = YES;
				GCC_WARN_UNINITIALIZED_AUTOS = YES_AGGRESSIVE;
				GCC_WARN_UNUSED_FUNCTION = YES;
				GCC_WARN_UNUSED_VARIABLE = YES;
				IPHONEOS_DEPLOYMENT_TARGET = 9.3;
				MTL_ENABLE_DEBUG_INFO = NO;
				SDKROOT = iphoneos;
				TARGETED_DEVICE_FAMILY = "1,2";
				VALIDATE_PRODUCT = YES;
			};
			name = Release;
		};
		1C42E6CC1CC9C7E000A29FB7 /* Debug */ = {
			isa = XCBuildConfiguration;
			buildSettings = {
				ASSETCATALOG_COMPILER_APPICON_NAME = AppIcon;
				INFOPLIST_FILE = "倒计时2/Info.plist";
				LD_RUNPATH_SEARCH_PATHS = "$(inherited) @executable_path/Frameworks";
				PRODUCT_BUNDLE_IDENTIFIER = "--------.---2";
				PRODUCT_NAME = "$(TARGET_NAME)";
			};
			name = Debug;
		};
		1C42E6CD1CC9C7E000A29FB7 /* Release */ = {
			isa = XCBuildConfiguration;
			buildSettings = {
				ASSETCATALOG_COMPILER_APPICON_NAME = AppIcon;
				INFOPLIST_FILE = "倒计时2/Info.plist";
				LD_RUNPATH_SEARCH_PATHS = "$(inherited) @executable_path/Frameworks";
				PRODUCT_BUNDLE_IDENTIFIER = "--------.---2";
				PRODUCT_NAME = "$(TARGET_NAME)";
			};
			name = Release;
		};
		1C42E6CF1CC9C7E000A29FB7 /* Debug */ = {
			isa = XCBuildConfiguration;
			buildSettings = {
				BUNDLE_LOADER = "$(TEST_HOST)";
				INFOPLIST_FILE = "倒计时2Tests/Info.plist";
				LD_RUNPATH_SEARCH_PATHS = "$(inherited) @executable_path/Frameworks @loader_path/Frameworks";
				PRODUCT_BUNDLE_IDENTIFIER = "--------.---2Tests";
				PRODUCT_NAME = "$(TARGET_NAME)";
				TEST_HOST = "$(BUILT_PRODUCTS_DIR)/倒计时2.app/倒计时2";
			};
			name = Debug;
		};
		1C42E6D01CC9C7E000A29FB7 /* Release */ = {
			isa = XCBuildConfiguration;
			buildSettings = {
				BUNDLE_LOADER = "$(TEST_HOST)";
				INFOPLIST_FILE = "倒计时2Tests/Info.plist";
				LD_RUNPATH_SEARCH_PATHS = "$(inherited) @executable_path/Frameworks @loader_path/Frameworks";
				PRODUCT_BUNDLE_IDENTIFIER = "--------.---2Tests";
				PRODUCT_NAME = "$(TARGET_NAME)";
				TEST_HOST = "$(BUILT_PRODUCTS_DIR)/倒计时2.app/倒计时2";
			};
			name = Release;
		};
		1C42E6D21CC9C7E000A29FB7 /* Debug */ = {
			isa = XCBuildConfiguration;
			buildSettings = {
				INFOPLIST_FILE = "倒计时2UITests/Info.plist";
				LD_RUNPATH_SEARCH_PATHS = "$(inherited) @executable_path/Frameworks @loader_path/Frameworks";
				PRODUCT_BUNDLE_IDENTIFIER = "--------.---2UITests";
				PRODUCT_NAME = "$(TARGET_NAME)";
				TEST_TARGET_NAME = "倒计时2";
			};
			name = Debug;
		};
		1C42E6D31CC9C7E000A29FB7 /* Release */ = {
			isa = XCBuildConfiguration;
			buildSettings = {
				INFOPLIST_FILE = "倒计时2UITests/Info.plist";
				LD_RUNPATH_SEARCH_PATHS = "$(inherited) @executable_path/Frameworks @loader_path/Frameworks";
				PRODUCT_BUNDLE_IDENTIFIER = "--------.---2UITests";
				PRODUCT_NAME = "$(TARGET_NAME)";
				TEST_TARGET_NAME = "倒计时2";
			};
			name = Release;
		};
/* End XCBuildConfiguration section */

/* Begin XCConfigurationList section */
		1C42E6991CC9C7DF00A29FB7 /* Build configuration list for PBXProject "倒计时2" */ = {
			isa = XCConfigurationList;
			buildConfigurations = (
				1C42E6C91CC9C7E000A29FB7 /* Debug */,
				1C42E6CA1CC9C7E000A29FB7 /* Release */,
			);
			defaultConfigurationIsVisible = 0;
			defaultConfigurationName = Release;
		};
		1C42E6CB1CC9C7E000A29FB7 /* Build configuration list for PBXNativeTarget "倒计时2" */ = {
			isa = XCConfigurationList;
			buildConfigurations = (
				1C42E6CC1CC9C7E000A29FB7 /* Debug */,
				1C42E6CD1CC9C7E000A29FB7 /* Release */,
			);
			defaultConfigurationIsVisible = 0;
		};
		1C42E6CE1CC9C7E000A29FB7 /* Build configuration list for PBXNativeTarget "倒计时2Tests" */ = {
			isa = XCConfigurationList;
			buildConfigurations = (
				1C42E6CF1CC9C7E000A29FB7 /* Debug */,
				1C42E6D01CC9C7E000A29FB7 /* Release */,
			);
			defaultConfigurationIsVisible = 0;
		};
		1C42E6D11CC9C7E000A29FB7 /* Build configuration list for PBXNativeTarget "倒计时2UITests" */ = {
			isa = XCConfigurationList;
			buildConfigurations = (
				1C42E6D21CC9C7E000A29FB7 /* Debug */,
				1C42E6D31CC9C7E000A29FB7 /* Release */,
			);
			defaultConfigurationIsVisible = 0;
		};
/* End XCConfigurationList section */
	};
	rootObject = 1C42E6961CC9C7DF00A29FB7 /* Project object */;
}
